
Microsoft Visual Studio Solution File, Format Version 12.00
# Visual Studio Version 17
VisualStudioVersion = 17.7.34202.233
MinimumVisualStudioVersion = 10.0.40219.1
Project("{FAE04EC0-301F-11D3-BF4B-00C04F79EFBC}") = "Moscu_Diana-Stephani_Lab2", "Moscu_Diana-Stephani_Lab2.csproj", "{DDC7908B-5AED-4ECC-9CCE-1CA586840CA3}"
EndProject
Global
	GlobalSection(SolutionConfigurationPlatforms) = preSolution
		Debug|Any CPU = Debug|Any CPU
		Release|Any CPU = Release|Any CPU
	EndGlobalSection
	GlobalSection(ProjectConfigurationPlatforms) = postSolution
		{DDC7908B-5AED-4ECC-9CCE-1CA586840CA3}.Debug|Any CPU.ActiveCfg = Debug|Any CPU
		{DDC7908B-5AED-4ECC-9CCE-1CA586840CA3}.Debug|Any CPU.Build.0 = Debug|Any CPU
		{DDC7908B-5AED-4ECC-9CCE-1CA586840CA3}.Release|Any CPU.ActiveCfg = Release|Any CPU
		{DDC7908B-5AED-4ECC-9CCE-1CA586840CA3}.Release|Any CPU.Build.0 = Release|Any CPU
	EndGlobalSection
	GlobalSection(SolutionProperties) = preSolution
		HideSolutionNode = FALSE
	EndGlobalSection
	GlobalSection(ExtensibilityGlobals) = postSolution
		SolutionGuid = {2BACF178-B3F3-4694-8A13-5528CEEE7EBB}
	EndGlobalSection
EndGlobal
